// !$*UTF8*$!
{
	archiveVersion = 1;
	classes = {
	};
	objectVersion = 56;
	objects = {

/* Begin PBXBuildFile section */
		211354E62C6DE5C5005D7DA4 /* CardDetails.swift in Sources */ = {isa = PBXBuildFile; fileRef = 211354E52C6DE5C5005D7DA4 /* CardDetails.swift */; };
		211354E82C6DE6A6005D7DA4 /* CardIdentifierViewModel.swift in Sources */ = {isa = PBXBuildFile; fileRef = 211354E72C6DE6A6005D7DA4 /* CardIdentifierViewModel.swift */; };
		215C733B2C601C3F007F347F /* AppDelegate.swift in Sources */ = {isa = PBXBuildFile; fileRef = 215C733A2C601C3F007F347F /* AppDelegate.swift */; };
		215C733D2C601C3F007F347F /* SceneDelegate.swift in Sources */ = {isa = PBXBuildFile; fileRef = 215C733C2C601C3F007F347F /* SceneDelegate.swift */; };
		215C733F2C601C3F007F347F /* CardIdentifierPageViewController.swift in Sources */ = {isa = PBXBuildFile; fileRef = 215C733E2C601C3F007F347F /* CardIdentifierPageViewController.swift */; };
		215C73452C601C3F007F347F /* card_identifier.xcdatamodeld in Sources */ = {isa = PBXBuildFile; fileRef = 215C73432C601C3F007F347F /* card_identifier.xcdatamodeld */; };
		215C73472C601C40007F347F /* Assets.xcassets in Resources */ = {isa = PBXBuildFile; fileRef = 215C73462C601C40007F347F /* Assets.xcassets */; };
		215C734A2C601C40007F347F /* Base in Resources */ = {isa = PBXBuildFile; fileRef = 215C73492C601C40007F347F /* Base */; };
/* End PBXBuildFile section */

/* Begin PBXFileReference section */
		211354E52C6DE5C5005D7DA4 /* CardDetails.swift */ = {isa = PBXFileReference; lastKnownFileType = sourcecode.swift; path = CardDetails.swift; sourceTree = "<group>"; };
		211354E72C6DE6A6005D7DA4 /* CardIdentifierViewModel.swift */ = {isa = PBXFileReference; lastKnownFileType = sourcecode.swift; path = CardIdentifierViewModel.swift; sourceTree = "<group>"; };
		215C73372C601C3F007F347F /* card-identifier.app */ = {isa = PBXFileReference; explicitFileType = wrapper.application; includeInIndex = 0; path = "card-identifier.app"; sourceTree = BUILT_PRODUCTS_DIR; };
		215C733A2C601C3F007F347F /* AppDelegate.swift */ = {isa = PBXFileReference; lastKnownFileType = sourcecode.swift; path = AppDelegate.swift; sourceTree = "<group>"; };
		215C733C2C601C3F007F347F /* SceneDelegate.swift */ = {isa = PBXFileReference; lastKnownFileType = sourcecode.swift; path = SceneDelegate.swift; sourceTree = "<group>"; };
		215C733E2C601C3F007F347F /* CardIdentifierPageViewController.swift */ = {isa = PBXFileReference; lastKnownFileType = sourcecode.swift; path = CardIdentifierPageViewController.swift; sourceTree = "<group>"; };
		215C73442C601C3F007F347F /* card_identifier.xcdatamodel */ = {isa = PBXFileReference; lastKnownFileType = wrapper.xcdatamodel; path = card_identifier.xcdatamodel; sourceTree = "<group>"; };
		215C73462C601C40007F347F /* Assets.xcassets */ = {isa = PBXFileReference; lastKnownFileType = folder.assetcatalog; path = Assets.xcassets; sourceTree = "<group>"; };
		215C73492C601C40007F347F /* Base */ = {isa = PBXFileReference; lastKnownFileType = file.storyboard; name = Base; path = Base.lproj/LaunchScreen.storyboard; sourceTree = "<group>"; };
		215C734B2C601C40007F347F /* Info.plist */ = {isa = PBXFileReference; lastKnownFileType = text.plist.xml; path = Info.plist; sourceTree = "<group>"; };
/* End PBXFileReference section */

/* Begin PBXFrameworksBuildPhase section */
		215C73342C601C3F007F347F /* Frameworks */ = {
			isa = PBXFrameworksBuildPhase;
			buildActionMask = 2147483647;
			files = (
			);
			runOnlyForDeploymentPostprocessing = 0;
		};
/* End PBXFrameworksBuildPhase section */

/* Begin PBXGroup section */
		211354E22C6DE583005D7DA4 /* ViewModel */ = {
			isa = PBXGroup;
			children = (
				211354E72C6DE6A6005D7DA4 /* CardIdentifierViewModel.swift */,
			);
			path = ViewModel;
			sourceTree = "<group>";
		};
		211354E32C6DE58F005D7DA4 /* ViewController */ = {
			isa = PBXGroup;
			children = (
				215C733E2C601C3F007F347F /* CardIdentifierPageViewController.swift */,
			);
			path = ViewController;
			sourceTree = "<group>";
		};
		211354E42C6DE5A5005D7DA4 /* Model */ = {
			isa = PBXGroup;
			children = (
				211354E52C6DE5C5005D7DA4 /* CardDetails.swift */,
			);
			path = Model;
			sourceTree = "<group>";
		};
		215C732E2C601C3F007F347F = {
			isa = PBXGroup;
			children = (
				215C73392C601C3F007F347F /* card-identifier */,
				215C73382C601C3F007F347F /* Products */,
			);
			sourceTree = "<group>";
		};
		215C73382C601C3F007F347F /* Products */ = {
			isa = PBXGroup;
			children = (
				215C73372C601C3F007F347F /* card-identifier.app */,
			);
			name = Products;
			sourceTree = "<group>";
		};
		215C73392C601C3F007F347F /* card-identifier */ = {
			isa = PBXGroup;
			children = (
				211354E42C6DE5A5005D7DA4 /* Model */,
				211354E32C6DE58F005D7DA4 /* ViewController */,
				211354E22C6DE583005D7DA4 /* ViewModel */,
				215C733A2C601C3F007F347F /* AppDelegate.swift */,
				215C733C2C601C3F007F347F /* SceneDelegate.swift */,
				215C73462C601C40007F347F /* Assets.xcassets */,
				215C73482C601C40007F347F /* LaunchScreen.storyboard */,
				215C734B2C601C40007F347F /* Info.plist */,
				215C73432C601C3F007F347F /* card_identifier.xcdatamodeld */,
			);
			path = "card-identifier";
			sourceTree = "<group>";
		};
/* End PBXGroup section */

/* Begin PBXNativeTarget section */
		215C73362C601C3F007F347F /* card-identifier */ = {
			isa = PBXNativeTarget;
			buildConfigurationList = 215C734E2C601C40007F347F /* Build configuration list for PBXNativeTarget "card-identifier" */;
			buildPhases = (
				215C73332C601C3F007F347F /* Sources */,
				215C73342C601C3F007F347F /* Frameworks */,
				215C73352C601C3F007F347F /* Resources */,
			);
			buildRules = (
			);
			dependencies = (
			);
			name = "card-identifier";
			productName = "card-identifier";
			productReference = 215C73372C601C3F007F347F /* card-identifier.app */;
			productType = "com.apple.product-type.application";
		};
/* End PBXNativeTarget section */

/* Begin PBXProject section */
		215C732F2C601C3F007F347F /* Project object */ = {
			isa = PBXProject;
			attributes = {
				BuildIndependentTargetsInParallel = 1;
				LastSwiftUpdateCheck = 1530;
				LastUpgradeCheck = 1530;
				TargetAttributes = {
					215C73362C601C3F007F347F = {
						CreatedOnToolsVersion = 15.3;
					};
				};
			};
			buildConfigurationList = 215C73322C601C3F007F347F /* Build configuration list for PBXProject "card-identifier" */;
			compatibilityVersion = "Xcode 14.0";
			developmentRegion = en;
			hasScannedForEncodings = 0;
			knownRegions = (
				en,
				Base,
			);
			mainGroup = 215C732E2C601C3F007F347F;
			productRefGroup = 215C73382C601C3F007F347F /* Products */;
			projectDirPath = "";
			projectRoot = "";
			targets = (
				215C73362C601C3F007F347F /* card-identifier */,
			);
		};
/* End PBXProject section */

/* Begin PBXResourcesBuildPhase section */
		215C73352C601C3F007F347F /* Resources */ = {
			isa = PBXResourcesBuildPhase;
			buildActionMask = 2147483647;
			files = (
				215C73472C601C40007F347F /* Assets.xcassets in Resources */,
				215C734A2C601C40007F347F /* Base in Resources */,
			);
			runOnlyForDeploymentPostprocessing = 0;
		};
/* End PBXResourcesBuildPhase section */

/* Begin PBXSourcesBuildPhase section */
		215C73332C601C3F007F347F /* Sources */ = {
			isa = PBXSourcesBuildPhase;
			buildActionMask = 2147483647;
			files = (
				215C73452C601C3F007F347F /* card_identifier.xcdatamodeld in Sources */,
				211354E82C6DE6A6005D7DA4 /* CardIdentifierViewModel.swift in Sources */,
				215C733F2C601C3F007F347F /* CardIdentifierPageViewController.swift in Sources */,
				215C733B2C601C3F007F347F /* AppDelegate.swift in Sources */,
				215C733D2C601C3F007F347F /* SceneDelegate.swift in Sources */,
				211354E62C6DE5C5005D7DA4 /* CardDetails.swift in Sources */,
			);
			runOnlyForDeploymentPostprocessing = 0;
		};
/* End PBXSourcesBuildPhase section */

/* Begin PBXVariantGroup section */
		215C73482C601C40007F347F /* LaunchScreen.storyboard */ = {
			isa = PBXVariantGroup;
			children = (
				215C73492C601C40007F347F /* Base */,
			);
			name = LaunchScreen.storyboard;
			sourceTree = "<group>";
		};
/* End PBXVariantGroup section */

/* Begin XCBuildConfiguration section */
		215C734C2C601C40007F347F /* Debug */ = {
			isa = XCBuildConfiguration;
			buildSettings = {
				ALWAYS_SEARCH_USER_PATHS = NO;
				ASSETCATALOG_COMPILER_GENERATE_SWIFT_ASSET_SYMBOL_EXTENSIONS = YES;
				CLANG_ANALYZER_NONNULL = YES;
				CLANG_ANALYZER_NUMBER_OBJECT_CONVERSION = YES_AGGRESSIVE;
				CLANG_CXX_LANGUAGE_STANDARD = "gnu++20";
				CLANG_ENABLE_MODULES = YES;
				CLANG_ENABLE_OBJC_ARC = YES;
				CLANG_ENABLE_OBJC_WEAK = YES;
				CLANG_WARN_BLOCK_CAPTURE_AUTORELEASING = YES;
				CLANG_WARN_BOOL_CONVERSION = YES;
				CLANG_WARN_COMMA = YES;
				CLANG_WARN_CONSTANT_CONVERSION = YES;
				CLANG_WARN_DEPRECATED_OBJC_IMPLEMENTATIONS = YES;
				CLANG_WARN_DIRECT_OBJC_ISA_USAGE = YES_ERROR;
				CLANG_WARN_DOCUMENTATION_COMMENTS = YES;
				CLANG_WARN_EMPTY_BODY = YES;
				CLANG_WARN_ENUM_CONVERSION = YES;
				CLANG_WARN_INFINITE_RECURSION = YES;
				CLANG_WARN_INT_CONVERSION = YES;
				CLANG_WARN_NON_LITERAL_NULL_CONVERSION = YES;
				CLANG_WARN_OBJC_IMPLICIT_RETAIN_SELF = YES;
				CLANG_WARN_OBJC_LITERAL_CONVERSION = YES;
				CLANG_WARN_OBJC_ROOT_CLASS = YES_ERROR;
				CLANG_WARN_QUOTED_INCLUDE_IN_FRAMEWORK_HEADER = YES;
				CLANG_WARN_RANGE_LOOP_ANALYSIS = YES;
				CLANG_WARN_STRICT_PROTOTYPES = YES;
				CLANG_WARN_SUSPICIOUS_MOVE = YES;
				CLANG_WARN_UNGUARDED_AVAILABILITY = YES_AGGRESSIVE;
				CLANG_WARN_UNREACHABLE_CODE = YES;
				CLANG_WARN__DUPLICATE_METHOD_MATCH = YES;
				COPY_PHASE_STRIP = NO;
				DEBUG_INFORMATION_FORMAT = dwarf;
				ENABLE_STRICT_OBJC_MSGSEND = YES;
				ENABLE_TESTABILITY = YES;
				ENABLE_USER_SCRIPT_SANDBOXING = YES;
				GCC_C_LANGUAGE_STANDARD = gnu17;
				GCC_DYNAMIC_NO_PIC = NO;
				GCC_NO_COMMON_BLOCKS = YES;
				GCC_OPTIMIZATION_LEVEL = 0;
				GCC_PREPROCESSOR_DEFINITIONS = (
					"DEBUG=1",
					"$(inherited)",
				);
				GCC_WARN_64_TO_32_BIT_CONVERSION = YES;
				GCC_WARN_ABOUT_RETURN_TYPE = YES_ERROR;
				GCC_WARN_UNDECLARED_SELECTOR = YES;
				GCC_WARN_UNINITIALIZED_AUTOS = YES_AGGRESSIVE;
				GCC_WARN_UNUSED_FUNCTION = YES;
				GCC_WARN_UNUSED_VARIABLE = YES;
				IPHONEOS_DEPLOYMENT_TARGET = 17.4;
				LOCALIZATION_PREFERS_STRING_CATALOGS = YES;
				MTL_ENABLE_DEBUG_INFO = INCLUDE_SOURCE;
				MTL_FAST_MATH = YES;
				ONLY_ACTIVE_ARCH = YES;
				SDKROOT = iphoneos;
				SWIFT_ACTIVE_COMPILATION_CONDITIONS = "DEBUG $(inherited)";
				SWIFT_OPTIMIZATION_LEVEL = "-Onone";
			};
			name = Debug;
		};
		215C734D2C601C40007F347F /* Release */ = {
			isa = XCBuildConfiguration;
			buildSettings = {
				ALWAYS_SEARCH_USER_PATHS = NO;
				ASSETCATALOG_COMPILER_GENERATE_SWIFT_ASSET_SYMBOL_EXTENSIONS = YES;
				CLANG_ANALYZER_NONNULL = YES;
				CLANG_ANALYZER_NUMBER_OBJECT_CONVERSION = YES_AGGRESSIVE;
				CLANG_CXX_LANGUAGE_STANDARD = "gnu++20";
				CLANG_ENABLE_MODULES = YES;
				CLANG_ENABLE_OBJC_ARC = YES;
				CLANG_ENABLE_OBJC_WEAK = YES;
				CLANG_WARN_BLOCK_CAPTURE_AUTORELEASING = YES;
				CLANG_WARN_BOOL_CONVERSION = YES;
				CLANG_WARN_COMMA = YES;
				CLANG_WARN_CONSTANT_CONVERSION = YES;
				CLANG_WARN_DEPRECATED_OBJC_IMPLEMENTATIONS = YES;
				CLANG_WARN_DIRECT_OBJC_ISA_USAGE = YES_ERROR;
				CLANG_WARN_DOCUMENTATION_COMMENTS = YES;
				CLANG_WARN_EMPTY_BODY = YES;
				CLANG_WARN_ENUM_CONVERSION = YES;
				CLANG_WARN_INFINITE_RECURSION = YES;
				CLANG_WARN_INT_CONVERSION = YES;
				CLANG_WARN_NON_LITERAL_NULL_CONVERSION = YES;
				CLANG_WARN_OBJC_IMPLICIT_RETAIN_SELF = YES;
				CLANG_WARN_OBJC_LITERAL_CONVERSION = YES;
				CLANG_WARN_OBJC_ROOT_CLASS = YES_ERROR;
				CLANG_WARN_QUOTED_INCLUDE_IN_FRAMEWORK_HEADER = YES;
				CLANG_WARN_RANGE_LOOP_ANALYSIS = YES;
				CLANG_WARN_STRICT_PROTOTYPES = YES;
				CLANG_WARN_SUSPICIOUS_MOVE = YES;
				CLANG_WARN_UNGUARDED_AVAILABILITY = YES_AGGRESSIVE;
				CLANG_WARN_UNREACHABLE_CODE = YES;
				CLANG_WARN__DUPLICATE_METHOD_MATCH = YES;
				COPY_PHASE_STRIP = NO;
				DEBUG_INFORMATION_FORMAT = "dwarf-with-dsym";
				ENABLE_NS_ASSERTIONS = NO;
				ENABLE_STRICT_OBJC_MSGSEND = YES;
				ENABLE_USER_SCRIPT_SANDBOXING = YES;
				GCC_C_LANGUAGE_STANDARD = gnu17;
				GCC_NO_COMMON_BLOCKS = YES;
				GCC_WARN_64_TO_32_BIT_CONVERSION = YES;
				GCC_WARN_ABOUT_RETURN_TYPE = YES_ERROR;
				GCC_WARN_UNDECLARED_SELECTOR = YES;
				GCC_WARN_UNINITIALIZED_AUTOS = YES_AGGRESSIVE;
				GCC_WARN_UNUSED_FUNCTION = YES;
				GCC_WARN_UNUSED_VARIABLE = YES;
				IPHONEOS_DEPLOYMENT_TARGET = 17.4;
				LOCALIZATION_PREFERS_STRING_CATALOGS = YES;
				MTL_ENABLE_DEBUG_INFO = NO;
				MTL_FAST_MATH = YES;
				SDKROOT = iphoneos;
				SWIFT_COMPILATION_MODE = wholemodule;
				VALIDATE_PRODUCT = YES;
			};
			name = Release;
		};
		215C734F2C601C40007F347F /* Debug */ = {
			isa = XCBuildConfiguration;
			buildSettings = {
				ASSETCATALOG_COMPILER_APPICON_NAME = AppIcon;
				ASSETCATALOG_COMPILER_GLOBAL_ACCENT_COLOR_NAME = AccentColor;
				CODE_SIGN_STYLE = Automatic;
				CURRENT_PROJECT_VERSION = 1;
				DEVELOPMENT_TEAM = 9U69T82MH5;
				GENERATE_INFOPLIST_FILE = YES;
				INFOPLIST_FILE = "card-identifier/Info.plist";
				INFOPLIST_KEY_UIApplicationSupportsIndirectInputEvents = YES;
				INFOPLIST_KEY_UILaunchStoryboardName = LaunchScreen;
				INFOPLIST_KEY_UISupportedInterfaceOrientations_iPad = "UIInterfaceOrientationPortrait UIInterfaceOrientationPortraitUpsideDown UIInterfaceOrientationLandscapeLeft UIInterfaceOrientationLandscapeRight";
				INFOPLIST_KEY_UISupportedInterfaceOrientations_iPhone = "UIInterfaceOrientationPortrait UIInterfaceOrientationLandscapeLeft UIInterfaceOrientationLandscapeRight";
				LD_RUNPATH_SEARCH_PATHS = (
					"$(inherited)",
					"@executable_path/Frameworks",
				);
				MARKETING_VERSION = 1.0;
				PRODUCT_BUNDLE_IDENTIFIER = "atmosware.card-identifier";
				PRODUCT_NAME = "$(TARGET_NAME)";
				SWIFT_EMIT_LOC_STRINGS = YES;
				SWIFT_VERSION = 5.0;
				TARGETED_DEVICE_FAMILY = "1,2";
			};
			name = Debug;
		};
		215C73502C601C40007F347F /* Release */ = {
			isa = XCBuildConfiguration;
			buildSettings = {
				ASSETCATALOG_COMPILER_APPICON_NAME = AppIcon;
				ASSETCATALOG_COMPILER_GLOBAL_ACCENT_COLOR_NAME = AccentColor;
				CODE_SIGN_STYLE = Automatic;
				CURRENT_PROJECT_VERSION = 1;
				DEVELOPMENT_TEAM = 9U69T82MH5;
				GENERATE_INFOPLIST_FILE = YES;
				INFOPLIST_FILE = "card-identifier/Info.plist";
				INFOPLIST_KEY_UIApplicationSupportsIndirectInputEvents = YES;
				INFOPLIST_KEY_UILaunchStoryboardName = LaunchScreen;
				INFOPLIST_KEY_UISupportedInterfaceOrientations_iPad = "UIInterfaceOrientationPortrait UIInterfaceOrientationPortraitUpsideDown UIInterfaceOrientationLandscapeLeft UIInterfaceOrientationLandscapeRight";
				INFOPLIST_KEY_UISupportedInterfaceOrientations_iPhone = "UIInterfaceOrientationPortrait UIInterfaceOrientationLandscapeLeft UIInterfaceOrientationLandscapeRight";
				LD_RUNPATH_SEARCH_PATHS = (
					"$(inherited)",
					"@executable_path/Frameworks",
				);
				MARKETING_VERSION = 1.0;
				PRODUCT_BUNDLE_IDENTIFIER = "atmosware.card-identifier";
				PRODUCT_NAME = "$(TARGET_NAME)";
				SWIFT_EMIT_LOC_STRINGS = YES;
				SWIFT_VERSION = 5.0;
				TARGETED_DEVICE_FAMILY = "1,2";
			};
			name = Release;
		};
/* End XCBuildConfiguration section */

/* Begin XCConfigurationList section */
		215C73322C601C3F007F347F /* Build configuration list for PBXProject "card-identifier" */ = {
			isa = XCConfigurationList;
			buildConfigurations = (
				215C734C2C601C40007F347F /* Debug */,
				215C734D2C601C40007F347F /* Release */,
			);
			defaultConfigurationIsVisible = 0;
			defaultConfigurationName = Release;
		};
		215C734E2C601C40007F347F /* Build configuration list for PBXNativeTarget "card-identifier" */ = {
			isa = XCConfigurationList;
			buildConfigurations = (
				215C734F2C601C40007F347F /* Debug */,
				215C73502C601C40007F347F /* Release */,
			);
			defaultConfigurationIsVisible = 0;
			defaultConfigurationName = Release;
		};
/* End XCConfigurationList section */

/* Begin XCVersionGroup section */
		215C73432C601C3F007F347F /* card_identifier.xcdatamodeld */ = {
			isa = XCVersionGroup;
			children = (
				215C73442C601C3F007F347F /* card_identifier.xcdatamodel */,
			);
			currentVersion = 215C73442C601C3F007F347F /* card_identifier.xcdatamodel */;
			path = card_identifier.xcdatamodeld;
			sourceTree = "<group>";
			versionGroupType = wrapper.xcdatamodel;
		};
/* End XCVersionGroup section */
	};
	rootObject = 215C732F2C601C3F007F347F /* Project object */;
}
